github.com/bdenning/go-pushover v0.0.0-20160628004515-cb8a974a7715 h1:Nwy4xNT3BHb54TcicOoI2Oe4LgXIeOIR4Ee4L8lCTK8=
github.com/bdenning/go-pushover v0.0.0-20160628004515-cb8a974a7715/go.mod h1:aW5/0qWBEPEEryls9foIx/QtU5LBhwBUCc4RYA6/q+A=
github.com/gorilla/mux v1.8.0 h1:i40aqfkR1h2SlN9hojwV5ZA91wcXFOvkdNIeFDP5koI=
github.com/gorilla/mux v1.8.0/go.mod h1:DVbg23sWSpFRCP0SfiEN6jmj59UnW/n46BH5rLB71So=
github.com/lib/pq v1.8.0 h1:9xohqzkUwzR4Ga4ivdTcawVS89YSDVxXMa3xJX3cGzg=
github.com/lib/pq v1.8.0/go.mod h1:AlVN5x4E4T544tWzH6hKfbfQvm3HdbOxrmggDNAPY9o=
github.com/pushlang/webpush v1.0.7 h1:9agfw2cp/tMw8WoHMN1UMQ/KynjPGOJkE5OJetboq80=
github.com/pushlang/webpush v1.0.7/go.mod h1:HI7LAiRKH9gwuZXbml+OyARzMzXX4dD1F4+vk4cwAMA=
